Microsoft Visual Studio Solution File, Format Version 12.00
# Visual Studio Version 17
VisualStudioVersion = 17.5.2.0
MinimumVisualStudioVersion = 10.0.40219.1
Project("{FAE04EC0-301F-11D3-BF4B-00C04F79EFBC}") = "exercicio-poo", "exercicio-poo\exercicio-poo.csproj", "{82C9B086-A091-8034-31F8-171230D0823A}"
EndProject
Global
	GlobalSection(SolutionConfigurationPlatforms) = preSolution
		Debug|Any CPU = Debug|Any CPU
		Release|Any CPU = Release|Any CPU
	EndGlobalSection
	GlobalSection(ProjectConfigurationPlatforms) = postSolution
		{82C9B086-A091-8034-31F8-171230D0823A}.Debug|Any CPU.ActiveCfg = Debug|Any CPU
		{82C9B086-A091-8034-31F8-171230D0823A}.Debug|Any CPU.Build.0 = Debug|Any CPU
		{82C9B086-A091-8034-31F8-171230D0823A}.Release|Any CPU.ActiveCfg = Release|Any CPU
		{82C9B086-A091-8034-31F8-171230D0823A}.Release|Any CPU.Build.0 = Release|Any CPU
	EndGlobalSection
	GlobalSection(SolutionProperties) = preSolution
		HideSolutionNode = FALSE
	EndGlobalSection
	GlobalSection(ExtensibilityGlobals) = postSolution
		SolutionGuid = {48CFBE29-05B5-45F8-9C4E-2710FC143021}
	EndGlobalSection
EndGlobal
