Microsoft Visual Studio Solution File, Format Version 12.00
# Visual Studio Version 17
VisualStudioVersion = 17.5.2.0
MinimumVisualStudioVersion = 10.0.40219.1
Project("{FAE04EC0-301F-11D3-BF4B-00C04F79EFBC}") = "estrutura-dados", "estrutura-dados.csproj", "{00366026-E9C0-EEB4-E075-EC60308BF23E}"
EndProject
Global
	GlobalSection(SolutionConfigurationPlatforms) = preSolution
		Debug|Any CPU = Debug|Any CPU
		Release|Any CPU = Release|Any CPU
	EndGlobalSection
	GlobalSection(ProjectConfigurationPlatforms) = postSolution
		{00366026-E9C0-EEB4-E075-EC60308BF23E}.Debug|Any CPU.ActiveCfg = Debug|Any CPU
		{00366026-E9C0-EEB4-E075-EC60308BF23E}.Debug|Any CPU.Build.0 = Debug|Any CPU
		{00366026-E9C0-EEB4-E075-EC60308BF23E}.Release|Any CPU.ActiveCfg = Release|Any CPU
		{00366026-E9C0-EEB4-E075-EC60308BF23E}.Release|Any CPU.Build.0 = Release|Any CPU
	EndGlobalSection
	GlobalSection(SolutionProperties) = preSolution
		HideSolutionNode = FALSE
	EndGlobalSection
	GlobalSection(ExtensibilityGlobals) = postSolution
		SolutionGuid = {2611E49F-02DE-4CF4-ADD3-C21D0741DC1F}
	EndGlobalSection
EndGlobal
