Microsoft Visual Studio Solution File, Format Version 12.00
# Visual Studio Version 17
VisualStudioVersion = 17.5.2.0
MinimumVisualStudioVersion = 10.0.40219.1
Project("{FAE04EC0-301F-11D3-BF4B-00C04F79EFBC}") = "exercicio-jodo-de-batalha-poo", "exercicio-jodo-de-batalha-poo.csproj", "{2CD6D56C-A156-7375-E27D-176720CD7752}"
EndProject
Global
	GlobalSection(SolutionConfigurationPlatforms) = preSolution
		Debug|Any CPU = Debug|Any CPU
		Release|Any CPU = Release|Any CPU
	EndGlobalSection
	GlobalSection(ProjectConfigurationPlatforms) = postSolution
		{2CD6D56C-A156-7375-E27D-176720CD7752}.Debug|Any CPU.ActiveCfg = Debug|Any CPU
		{2CD6D56C-A156-7375-E27D-176720CD7752}.Debug|Any CPU.Build.0 = Debug|Any CPU
		{2CD6D56C-A156-7375-E27D-176720CD7752}.Release|Any CPU.ActiveCfg = Release|Any CPU
		{2CD6D56C-A156-7375-E27D-176720CD7752}.Release|Any CPU.Build.0 = Release|Any CPU
	EndGlobalSection
	GlobalSection(SolutionProperties) = preSolution
		HideSolutionNode = FALSE
	EndGlobalSection
	GlobalSection(ExtensibilityGlobals) = postSolution
		SolutionGuid = {46011778-9B36-4BC8-849E-0B33B50CBF76}
	EndGlobalSection
EndGlobal
