Microsoft Visual Studio Solution File, Format Version 12.00
# Visual Studio Version 17
VisualStudioVersion = 17.5.2.0
MinimumVisualStudioVersion = 10.0.40219.1
Project("{FAE04EC0-301F-11D3-BF4B-00C04F79EFBC}") = "exercicio-calculadora-poo", "exercicio-calculadora-poo.csproj", "{97290DFA-5A6C-F0B5-FB33-DC8300E3E8DF}"
EndProject
Global
	GlobalSection(SolutionConfigurationPlatforms) = preSolution
		Debug|Any CPU = Debug|Any CPU
		Release|Any CPU = Release|Any CPU
	EndGlobalSection
	GlobalSection(ProjectConfigurationPlatforms) = postSolution
		{97290DFA-5A6C-F0B5-FB33-DC8300E3E8DF}.Debug|Any CPU.ActiveCfg = Debug|Any CPU
		{97290DFA-5A6C-F0B5-FB33-DC8300E3E8DF}.Debug|Any CPU.Build.0 = Debug|Any CPU
		{97290DFA-5A6C-F0B5-FB33-DC8300E3E8DF}.Release|Any CPU.ActiveCfg = Release|Any CPU
		{97290DFA-5A6C-F0B5-FB33-DC8300E3E8DF}.Release|Any CPU.Build.0 = Release|Any CPU
	EndGlobalSection
	GlobalSection(SolutionProperties) = preSolution
		HideSolutionNode = FALSE
	EndGlobalSection
	GlobalSection(ExtensibilityGlobals) = postSolution
		SolutionGuid = {1B9E1A1F-29DB-4DEF-BAC9-E4753E75A24B}
	EndGlobalSection
EndGlobal
